{
  "name": "andyslater",
  "version": "1.0.0",
  "lockfileVersion": 3,
  "requires": true,
  "packages": {
    "": {
      "name": "andyslater",
      "version": "1.0.0",
      "license": "ISC",
      "dependencies": {
        "ambisonics": "^0.4.0"
      }
    },
    "node_modules/affine-hull": {
      "version": "1.0.0",
      "resolved": "https://registry.npmjs.org/affine-hull/-/affine-hull-1.0.0.tgz",
      "integrity": "sha512-3QNG6+vFAwJvSZHsJYDJ/mt1Cxx9n5ffA+1Ohmj7udw0JuRgUVIXK0P9N9pCMuEdS3jCNt8GFX5q2fChq+GO3Q==",
      "dependencies": {
        "robust-orientation": "^1.1.3"
      }
    },
    "node_modules/ambisonics": {
      "version": "0.4.0",
      "resolved": "https://registry.npmjs.org/ambisonics/-/ambisonics-0.4.0.tgz",
      "integrity": "sha512-wy0A67hxEymSjxPPrfMJgeuOx6agYJukW2oZ2qYg6J4oT/jojEmnCj+5//7hf8rj2jaiwGTJjzs5WeVX5ijuEA==",
      "dependencies": {
        "babel-runtime": "^6.6.1",
        "convex-hull": "^1.0.3",
        "get-float-time-domain-data": "^0.1.0",
        "numeric": "^1.2.6",
        "serve-sofa-hrir": "github:Ircam-RnD/serveSofaHrir",
        "spherical-harmonic-transform": "^0.1.0"
      }
    },
    "node_modules/babel-runtime": {
      "version": "6.26.0",
      "resolved": "https://registry.npmjs.org/babel-runtime/-/babel-runtime-6.26.0.tgz",
      "integrity": "sha512-ITKNuq2wKlW1fJg9sSW52eepoYgZBggvOAHC0u/CYu/qxQ9EVzThCgR69BnSXLHjy2f7SY5zaQ4yt7H9ZVxY2g==",
      "dependencies": {
        "core-js": "^2.4.0",
        "regenerator-runtime": "^0.11.0"
      }
    },
    "node_modules/bit-twiddle": {
      "version": "1.0.2",
      "resolved": "https://registry.npmjs.org/bit-twiddle/-/bit-twiddle-1.0.2.tgz",
      "integrity": "sha512-B9UhK0DKFZhoTFcfvAzhqsjStvGJp9vYWf3+6SNTtdSQnvIgfkHbgHrg/e4+TH71N2GDu8tpmCVoyfrL1d7ntA=="
    },
    "node_modules/convex-hull": {
      "version": "1.0.3",
      "resolved": "https://registry.npmjs.org/convex-hull/-/convex-hull-1.0.3.tgz",
      "integrity": "sha512-24rZAoh81t41GHPLAxcsokgjH9XNoVqU2OiSi8iMHUn6HUURfiefcEWAPt1AfwZjBBWTKadOm1xUcUMnfFukhQ==",
      "dependencies": {
        "affine-hull": "^1.0.0",
        "incremental-convex-hull": "^1.0.1",
        "monotone-convex-hull-2d": "^1.0.1"
      }
    },
    "node_modules/core-js": {
      "version": "2.6.12",
      "resolved": "https://registry.npmjs.org/core-js/-/core-js-2.6.12.tgz",
      "integrity": "sha512-Kb2wC0fvsWfQrgk8HU5lW6U/Lcs8+9aaYcy4ZFc6DDlo4nZ7n70dEgE5rtR0oG6ufKDUnrwfWL1mXR5ljDatrQ==",
      "deprecated": "core-js@<3.23.3 is no longer maintained and not recommended for usage due to the number of issues. Because of the V8 engine whims, feature detection in old core-js versions could cause a slowdown up to 100x even if nothing is polyfilled. Some versions have web compatibility issues. Please, upgrade your dependencies to the actual version of core-js.",
      "hasInstallScript": true
    },
    "node_modules/fractional-delay": {
      "version": "0.1.0",
      "resolved": "git+ssh://git@github.com/Ircam-RnD/fractional-delay.git#687be9b8c42716c72ccae922510867c264a0ccf5",
      "license": "BSD-3",
      "dependencies": {
        "babel-runtime": "^5.8.20"
      }
    },
    "node_modules/fractional-delay/node_modules/babel-runtime": {
      "version": "5.8.38",
      "resolved": "https://registry.npmjs.org/babel-runtime/-/babel-runtime-5.8.38.tgz",
      "integrity": "sha512-KpgoA8VE/pMmNCrnEeeXqFG24TIH11Z3ZaimIhJWsin8EbfZy3WzFKUTIan10ZIDgRVvi9EkLbruJElJC9dRlg==",
      "dependencies": {
        "core-js": "^1.0.0"
      }
    },
    "node_modules/fractional-delay/node_modules/core-js": {
      "version": "1.2.7",
      "resolved": "https://registry.npmjs.org/core-js/-/core-js-1.2.7.tgz",
      "integrity": "sha512-ZiPp9pZlgxpWRu0M+YWbm6+aQ84XEfH1JRXvfOc/fILWI0VKhLC2LX13X1NYq4fULzLMq7Hfh43CSo2/aIaUPA==",
      "deprecated": "core-js@<3.23.3 is no longer maintained and not recommended for usage due to the number of issues. Because of the V8 engine whims, feature detection in old core-js versions could cause a slowdown up to 100x even if nothing is polyfilled. Some versions have web compatibility issues. Please, upgrade your dependencies to the actual version of core-js."
    },
    "node_modules/get-float-time-domain-data": {
      "version": "0.1.0",
      "resolved": "https://registry.npmjs.org/get-float-time-domain-data/-/get-float-time-domain-data-0.1.0.tgz",
      "integrity": "sha512-6lWdVMny7vJ+xWxGUmVdSW7rd4L2byptiVkjH3QEBsxcHSa8UbC/HsZmixHK/ZQ1EYsOaQjaeRgR+NAsIerEJQ=="
    },
    "node_modules/gl-matrix": {
      "version": "2.8.1",
      "resolved": "https://registry.npmjs.org/gl-matrix/-/gl-matrix-2.8.1.tgz",
      "integrity": "sha512-0YCjVpE3pS5XWlN3J4X7AiAx65+nqAI54LndtVFnQZB6G/FVLkZH8y8V6R3cIoOQR4pUdfwQGd1iwyoXHJ4Qfw=="
    },
    "node_modules/incremental-convex-hull": {
      "version": "1.0.1",
      "resolved": "https://registry.npmjs.org/incremental-convex-hull/-/incremental-convex-hull-1.0.1.tgz",
      "integrity": "sha512-mKRJDXtzo1R9LxCuB1TdwZXHaPaIEldoGPsXy2jrJc/kufyqp8y/VAQQxThSxM2aroLoh6uObexPk1ASJ7FB7Q==",
      "dependencies": {
        "robust-orientation": "^1.1.2",
        "simplicial-complex": "^1.0.0"
      }
    },
    "node_modules/kd.tree": {
      "version": "0.1.3",
      "resolved": "git+ssh://git@github.com/akshaylive/node-kdt.git#39bc780704a324393bca68a17cf7bc71be8544c6",
      "integrity": "sha512-BiE2oCRozOpchV4HT4TE9K6/H6yBMeBskZSTKbbMNPQxHRWbIPpmZ9964KEvdM3XIpzrGe3KTl5CmEPEzJfKOw==",
      "license": "MIT"
    },
    "node_modules/monotone-convex-hull-2d": {
      "version": "1.0.1",
      "resolved": "https://registry.npmjs.org/monotone-convex-hull-2d/-/monotone-convex-hull-2d-1.0.1.tgz",
      "integrity": "sha512-ixQ3qdXTVHvR7eAoOjKY8kGxl9YjOFtzi7qOjwmFFPfBqZHVOjUFOBy/Dk9dusamRSPJe9ggyfSypRbs0Bl8BA==",
      "dependencies": {
        "robust-orientation": "^1.1.3"
      }
    },
    "node_modules/numeric": {
      "version": "1.2.6",
      "resolved": "https://registry.npmjs.org/numeric/-/numeric-1.2.6.tgz",
      "integrity": "sha512-avBiDAP8siMa7AfJgYyuxw1oyII4z2sswS23+O+ZfV28KrtNzy0wxUFwi4f3RyM4eeeXNs1CThxR7pb5QQcMiw=="
    },
    "node_modules/regenerator-runtime": {
      "version": "0.11.1",
      "resolved": "https://registry.npmjs.org/regenerator-runtime/-/regenerator-runtime-0.11.1.tgz",
      "integrity": "sha512-MguG95oij0fC3QV3URf4V2SDYGJhJnJGqvIIgdECeODCT98wSWDAJ94SSuVpYQUoTcGUIL6L4yNB7j1DFFHSBg=="
    },
    "node_modules/robust-orientation": {
      "version": "1.2.1",
      "resolved": "https://registry.npmjs.org/robust-orientation/-/robust-orientation-1.2.1.tgz",
      "integrity": "sha512-FuTptgKwY6iNuU15nrIJDLjXzCChWB+T4AvksRtwPS/WZ3HuP1CElCm1t+OBfgQKfWbtZIawip+61k7+buRKAg==",
      "dependencies": {
        "robust-scale": "^1.0.2",
        "robust-subtract": "^1.0.0",
        "robust-sum": "^1.0.0",
        "two-product": "^1.0.2"
      }
    },
    "node_modules/robust-scale": {
      "version": "1.0.2",
      "resolved": "https://registry.npmjs.org/robust-scale/-/robust-scale-1.0.2.tgz",
      "integrity": "sha512-jBR91a/vomMAzazwpsPTPeuTPPmWBacwA+WYGNKcRGSh6xweuQ2ZbjRZ4v792/bZOhRKXRiQH0F48AvuajY0tQ==",
      "dependencies": {
        "two-product": "^1.0.2",
        "two-sum": "^1.0.0"
      }
    },
    "node_modules/robust-subtract": {
      "version": "1.0.0",
      "resolved": "https://registry.npmjs.org/robust-subtract/-/robust-subtract-1.0.0.tgz",
      "integrity": "sha512-xhKUno+Rl+trmxAIVwjQMiVdpF5llxytozXJOdoT4eTIqmqsndQqFb1A0oiW3sZGlhMRhOi6pAD4MF1YYW6o/A=="
    },
    "node_modules/robust-sum": {
      "version": "1.0.0",
      "resolved": "https://registry.npmjs.org/robust-sum/-/robust-sum-1.0.0.tgz",
      "integrity": "sha512-AvLExwpaqUqD1uwLU6MwzzfRdaI6VEZsyvQ3IAQ0ZJ08v1H+DTyqskrf2ZJyh0BDduFVLN7H04Zmc+qTiahhAw=="
    },
    "node_modules/serve-sofa-hrir": {
      "version": "0.4.2",
      "resolved": "git+ssh://git@github.com/Ircam-RnD/serveSofaHrir.git#33a72fc68a4fb35375da4845e758d50dfdef3836",
      "license": "BSD-3-Clause",
      "dependencies": {
        "fractional-delay": "Ircam-RnD/fractional-delay#gh-pages",
        "gl-matrix": "^2.4.0",
        "kd.tree": "akshaylive/node-kdt#39bc780704a324393bca68a17cf7bc71be8544c6"
      },
      "engines": {
        "node": "0.12 || 4",
        "npm": ">=1.0.0 <3.0.0"
      }
    },
    "node_modules/simplicial-complex": {
      "version": "1.0.0",
      "resolved": "https://registry.npmjs.org/simplicial-complex/-/simplicial-complex-1.0.0.tgz",
      "integrity": "sha512-mHauIKSOy3GquM5VnYEiu7eP5y4A8BiaN9ezUUgyYFz1k68PqDYcyaH3kenp2cyvWZE96QKE3nrxYw65Allqiw==",
      "dependencies": {
        "bit-twiddle": "^1.0.0",
        "union-find": "^1.0.0"
      }
    },
    "node_modules/spherical-harmonic-transform": {
      "version": "0.1.1",
      "resolved": "https://registry.npmjs.org/spherical-harmonic-transform/-/spherical-harmonic-transform-0.1.1.tgz",
      "integrity": "sha512-p7hE9UdGegZsOigPcg/fCkQ1m1nFE196gwQ+iEaT09hc2K8GVbm5AfLKHyGHpaSgbtKRIeue5z2PtyY2fvAVGw==",
      "dependencies": {
        "numeric": "^1.2.6"
      }
    },
    "node_modules/two-product": {
      "version": "1.0.2",
      "resolved": "https://registry.npmjs.org/two-product/-/two-product-1.0.2.tgz",
      "integrity": "sha512-vOyrqmeYvzjToVM08iU52OFocWT6eB/I5LUWYnxeAPGXAhAxXYU/Yr/R2uY5/5n4bvJQL9AQulIuxpIsMoT8XQ=="
    },
    "node_modules/two-sum": {
      "version": "1.0.0",
      "resolved": "https://registry.npmjs.org/two-sum/-/two-sum-1.0.0.tgz",
      "integrity": "sha512-phP48e8AawgsNUjEY2WvoIWqdie8PoiDZGxTDv70LDr01uX5wLEQbOgSP7Z/B6+SW5oLtbe8qaYX2fKJs3CGTw=="
    },
    "node_modules/union-find": {
      "version": "1.0.2",
      "resolved": "https://registry.npmjs.org/union-find/-/union-find-1.0.2.tgz",
      "integrity": "sha512-wFA9bMD/40k7ZcpKVXfu6X1qD3ri5ryO8HUsuA1RnxPCQl66Mu6DgkxyR+XNnd+osD0aLENixcJVFj+uf+O4gw=="
    }
  }
}
